
Microsoft Visual Studio Solution File, Format Version 12.00
# Visual Studio Version 17
VisualStudioVersion = 17.6.33815.320
MinimumVisualStudioVersion = 10.0.40219.1
Project("{FAE04EC0-301F-11D3-BF4B-00C04F79EFBC}") = "samplemonogame", "samplemonogame\samplemonogame.csproj", "{50EBDE59-2E05-484C-8BAC-ED30C2DBF9D2}"
EndProject
Global
	GlobalSection(SolutionConfigurationPlatforms) = preSolution
		Debug|Any CPU = Debug|Any CPU
		Release|Any CPU = Release|Any CPU
	EndGlobalSection
	GlobalSection(ProjectConfigurationPlatforms) = postSolution
		{50EBDE59-2E05-484C-8BAC-ED30C2DBF9D2}.Debug|Any CPU.ActiveCfg = Debug|Any CPU
		{50EBDE59-2E05-484C-8BAC-ED30C2DBF9D2}.Debug|Any CPU.Build.0 = Debug|Any CPU
		{50EBDE59-2E05-484C-8BAC-ED30C2DBF9D2}.Release|Any CPU.ActiveCfg = Release|Any CPU
		{50EBDE59-2E05-484C-8BAC-ED30C2DBF9D2}.Release|Any CPU.Build.0 = Release|Any CPU
	EndGlobalSection
	GlobalSection(SolutionProperties) = preSolution
		HideSolutionNode = FALSE
	EndGlobalSection
	GlobalSection(ExtensibilityGlobals) = postSolution
		SolutionGuid = {5DAD5921-BE40-41E0-8907-831377AA2A49}
	EndGlobalSection
EndGlobal
